# This file is automatically @generated by Cargo.
# It is not intended for manual editing.
version = 3

[[package]]
name = "testbed-cli"
version = "0.1.0"
dependencies = [
 "testbed-core",
 "testbed-util",
]

[[package]]
name = "testbed-core"
version = "0.1.0"

[[package]]
name = "testbed-util"
version = "0.1.0"
dependencies = [
 "testbed-core",
]
